// !$*UTF8*$!
{
	archiveVersion = 1;
	classes = {
	};
	objectVersion = 46;
	objects = {

/* Begin PBXBuildFile section */
		ADF3F2BB1CF13D9500CBE741 /* AppDelegate.swift in Sources */ = {isa = PBXBuildFile; fileRef = ADF3F2BA1CF13D9500CBE741 /* AppDelegate.swift */; };
		ADF3F2BD1CF13D9500CBE741 /* Assets.xcassets in Resources */ = {isa = PBXBuildFile; fileRef = ADF3F2BC1CF13D9500CBE741 /* Assets.xcassets */; };
		ADF3F2C01CF13D9500CBE741 /* MainMenu.xib in Resources */ = {isa = PBXBuildFile; fileRef = ADF3F2BE1CF13D9500CBE741 /* MainMenu.xib */; };
/* End PBXBuildFile section */

/* Begin PBXFileReference section */
		ADF3F2B71CF13D9500CBE741 /* MenubarHide.app */ = {isa = PBXFileReference; explicitFileType = wrapper.application; includeInIndex = 0; path = MenubarHide.app; sourceTree = BUILT_PRODUCTS_DIR; };
		ADF3F2BA1CF13D9500CBE741 /* AppDelegate.swift */ = {isa = PBXFileReference; lastKnownFileType = sourcecode.swift; path = AppDelegate.swift; sourceTree = "<group>"; };
		ADF3F2BC1CF13D9500CBE741 /* Assets.xcassets */ = {isa = PBXFileReference; lastKnownFileType = folder.assetcatalog; path = Assets.xcassets; sourceTree = "<group>"; };
		ADF3F2BF1CF13D9500CBE741 /* Base */ = {isa = PBXFileReference; lastKnownFileType = file.xib; name = Base; path = Base.lproj/MainMenu.xib; sourceTree = "<group>"; };
		ADF3F2C11CF13D9500CBE741 /* Info.plist */ = {isa = PBXFileReference; lastKnownFileType = text.plist.xml; path = Info.plist; sourceTree = "<group>"; };
/* End PBXFileReference section */

/* Begin PBXFrameworksBuildPhase section */
		ADF3F2B41CF13D9500CBE741 /* Frameworks */ = {
			isa = PBXFrameworksBuildPhase;
			buildActionMask = 2147483647;
			files = (
			);
			runOnlyForDeploymentPostprocessing = 0;
		};
/* End PBXFrameworksBuildPhase section */

/* Begin PBXGroup section */
		ADF3F2AE1CF13D9500CBE741 = {
			isa = PBXGroup;
			children = (
				ADF3F2B91CF13D9500CBE741 /* MenubarHide */,
				ADF3F2B81CF13D9500CBE741 /* Products */,
			);
			sourceTree = "<group>";
		};
		ADF3F2B81CF13D9500CBE741 /* Products */ = {
			isa = PBXGroup;
			children = (
				ADF3F2B71CF13D9500CBE741 /* MenubarHide.app */,
			);
			name = Products;
			sourceTree = "<group>";
		};
		ADF3F2B91CF13D9500CBE741 /* MenubarHide */ = {
			isa = PBXGroup;
			children = (
				ADF3F2BA1CF13D9500CBE741 /* AppDelegate.swift */,
				ADF3F2BC1CF13D9500CBE741 /* Assets.xcassets */,
				ADF3F2BE1CF13D9500CBE741 /* MainMenu.xib */,
				ADF3F2C11CF13D9500CBE741 /* Info.plist */,
			);
			path = MenubarHide;
			sourceTree = "<group>";
		};
/* End PBXGroup section */

/* Begin PBXNativeTarget section */
		ADF3F2B61CF13D9500CBE741 /* MenubarHide */ = {
			isa = PBXNativeTarget;
			buildConfigurationList = ADF3F2C41CF13D9500CBE741 /* Build configuration list for PBXNativeTarget "MenubarHide" */;
			buildPhases = (
				ADF3F2B31CF13D9500CBE741 /* Sources */,
				ADF3F2B41CF13D9500CBE741 /* Frameworks */,
				ADF3F2B51CF13D9500CBE741 /* Resources */,
			);
			buildRules = (
			);
			dependencies = (
			);
			name = MenubarHide;
			productName = MenubarHide;
			productReference = ADF3F2B71CF13D9500CBE741 /* MenubarHide.app */;
			productType = "com.apple.product-type.application";
		};
/* End PBXNativeTarget section */

/* Begin PBXProject section */
		ADF3F2AF1CF13D9500CBE741 /* Project object */ = {
			isa = PBXProject;
			attributes = {
				LastSwiftUpdateCheck = 0730;
				LastUpgradeCheck = 0730;
				ORGANIZATIONNAME = "Theo WU";
				TargetAttributes = {
					ADF3F2B61CF13D9500CBE741 = {
						CreatedOnToolsVersion = 7.3.1;
					};
				};
			};
			buildConfigurationList = ADF3F2B21CF13D9500CBE741 /* Build configuration list for PBXProject "MenubarHide" */;
			compatibilityVersion = "Xcode 3.2";
			developmentRegion = English;
			hasScannedForEncodings = 0;
			knownRegions = (
				en,
				Base,
			);
			mainGroup = ADF3F2AE1CF13D9500CBE741;
			productRefGroup = ADF3F2B81CF13D9500CBE741 /* Products */;
			projectDirPath = "";
			projectRoot = "";
			targets = (
				ADF3F2B61CF13D9500CBE741 /* MenubarHide */,
			);
		};
/* End PBXProject section */

/* Begin PBXResourcesBuildPhase section */
		ADF3F2B51CF13D9500CBE741 /* Resources */ = {
			isa = PBXResourcesBuildPhase;
			buildActionMask = 2147483647;
			files = (
				ADF3F2BD1CF13D9500CBE741 /* Assets.xcassets in Resources */,
				ADF3F2C01CF13D9500CBE741 /* MainMenu.xib in Resources */,
			);
			runOnlyForDeploymentPostprocessing = 0;
		};
/* End PBXResourcesBuildPhase section */

/* Begin PBXSourcesBuildPhase section */
		ADF3F2B31CF13D9500CBE741 /* Sources */ = {
			isa = PBXSourcesBuildPhase;
			buildActionMask = 2147483647;
			files = (
				ADF3F2BB1CF13D9500CBE741 /* AppDelegate.swift in Sources */,
			);
			runOnlyForDeploymentPostprocessing = 0;
		};
/* End PBXSourcesBuildPhase section */

/* Begin PBXVariantGroup section */
		ADF3F2BE1CF13D9500CBE741 /* MainMenu.xib */ = {
			isa = PBXVariantGroup;
			children = (
				ADF3F2BF1CF13D9500CBE741 /* Base */,
			);
			name = MainMenu.xib;
			sourceTree = "<group>";
		};
/* End PBXVariantGroup section */

/* Begin XCBuildConfiguration section */
		ADF3F2C21CF13D9500CBE741 /* Debug */ = {
			isa = XCBuildConfiguration;
			buildSettings = {
				ALWAYS_SEARCH_USER_PATHS = NO;
				CLANG_ANALYZER_NONNULL = YES;
				CLANG_CXX_LANGUAGE_STANDARD = "gnu++0x";
				CLANG_CXX_LIBRARY = "libc++";
				CLANG_ENABLE_MODULES = YES;
				CLANG_ENABLE_OBJC_ARC = YES;
				CLANG_WARN_BOOL_CONVERSION = YES;
				CLANG_WARN_CONSTANT_CONVERSION = YES;
				CLANG_WARN_DIRECT_OBJC_ISA_USAGE = YES_ERROR;
				CLANG_WARN_EMPTY_BODY = YES;
				CLANG_WARN_ENUM_CONVERSION = YES;
				CLANG_WARN_INT_CONVERSION = YES;
				CLANG_WARN_OBJC_ROOT_CLASS = YES_ERROR;
				CLANG_WARN_UNREACHABLE_CODE = YES;
				CLANG_WARN__DUPLICATE_METHOD_MATCH = YES;
				CODE_SIGN_IDENTITY = "-";
				COPY_PHASE_STRIP = NO;
				DEBUG_INFORMATION_FORMAT = dwarf;
				ENABLE_STRICT_OBJC_MSGSEND = YES;
				ENABLE_TESTABILITY = YES;
				GCC_C_LANGUAGE_STANDARD = gnu99;
				GCC_DYNAMIC_NO_PIC = NO;
				GCC_NO_COMMON_BLOCKS = YES;
				GCC_OPTIMIZATION_LEVEL = 0;
				GCC_PREPROCESSOR_DEFINITIONS = (
					"DEBUG=1",
					"$(inherited)",
				);
				GCC_WARN_64_TO_32_BIT_CONVERSION = YES;
				GCC_WARN_ABOUT_RETURN_TYPE = YES_ERROR;
				GCC_WARN_UNDECLARED_SELECTOR = YES;
				GCC_WARN_UNINITIALIZED_AUTOS = YES_AGGRESSIVE;
				GCC_WARN_UNUSED_FUNCTION = YES;
				GCC_WARN_UNUSED_VARIABLE = YES;
				MACOSX_DEPLOYMENT_TARGET = 10.11;
				MTL_ENABLE_DEBUG_INFO = YES;
				ONLY_ACTIVE_ARCH = YES;
				SDKROOT = macosx;
				SWIFT_OPTIMIZATION_LEVEL = "-Onone";
			};
			name = Debug;
		};
		ADF3F2C31CF13D9500CBE741 /* Release */ = {
			isa = XCBuildConfiguration;
			buildSettings = {
				ALWAYS_SEARCH_USER_PATHS = NO;
				CLANG_ANALYZER_NONNULL = YES;
				CLANG_CXX_LANGUAGE_STANDARD = "gnu++0x";
				CLANG_CXX_LIBRARY = "libc++";
				CLANG_ENABLE_MODULES = YES;
				CLANG_ENABLE_OBJC_ARC = YES;
				CLANG_WARN_BOOL_CONVERSION = YES;
				CLANG_WARN_CONSTANT_CONVERSION = YES;
				CLANG_WARN_DIRECT_OBJC_ISA_USAGE = YES_ERROR;
				CLANG_WARN_EMPTY_BODY = YES;
				CLANG_WARN_ENUM_CONVERSION = YES;
				CLANG_WARN_INT_CONVERSION = YES;
				CLANG_WARN_OBJC_ROOT_CLASS = YES_ERROR;
				CLANG_WARN_UNREACHABLE_CODE = YES;
				CLANG_WARN__DUPLICATE_METHOD_MATCH = YES;
				CODE_SIGN_IDENTITY = "-";
				COPY_PHASE_STRIP = NO;
				DEBUG_INFORMATION_FORMAT = "dwarf-with-dsym";
				ENABLE_NS_ASSERTIONS = NO;
				ENABLE_STRICT_OBJC_MSGSEND = YES;
				GCC_C_LANGUAGE_STANDARD = gnu99;
				GCC_NO_COMMON_BLOCKS = YES;
				GCC_WARN_64_TO_32_BIT_CONVERSION = YES;
				GCC_WARN_ABOUT_RETURN_TYPE = YES_ERROR;
				GCC_WARN_UNDECLARED_SELECTOR = YES;
				GCC_WARN_UNINITIALIZED_AUTOS = YES_AGGRESSIVE;
				GCC_WARN_UNUSED_FUNCTION = YES;
				GCC_WARN_UNUSED_VARIABLE = YES;
				MACOSX_DEPLOYMENT_TARGET = 10.11;
				MTL_ENABLE_DEBUG_INFO = NO;
				SDKROOT = macosx;
			};
			name = Release;
		};
		ADF3F2C51CF13D9500CBE741 /* Debug */ = {
			isa = XCBuildConfiguration;
			buildSettings = {
				ASSETCATALOG_COMPILER_APPICON_NAME = AppIcon;
				COMBINE_HIDPI_IMAGES = YES;
				INFOPLIST_FILE = MenubarHide/Info.plist;
				LD_RUNPATH_SEARCH_PATHS = "$(inherited) @executable_path/../Frameworks";
				PRODUCT_BUNDLE_IDENTIFIER = com.theo.MenubarHide;
				PRODUCT_NAME = "$(TARGET_NAME)";
			};
			name = Debug;
		};
		ADF3F2C61CF13D9500CBE741 /* Release */ = {
			isa = XCBuildConfiguration;
			buildSettings = {
				ASSETCATALOG_COMPILER_APPICON_NAME = AppIcon;
				COMBINE_HIDPI_IMAGES = YES;
				INFOPLIST_FILE = MenubarHide/Info.plist;
				LD_RUNPATH_SEARCH_PATHS = "$(inherited) @executable_path/../Frameworks";
				PRODUCT_BUNDLE_IDENTIFIER = com.theo.MenubarHide;
				PRODUCT_NAME = "$(TARGET_NAME)";
			};
			name = Release;
		};
/* End XCBuildConfiguration section */

/* Begin XCConfigurationList section */
		ADF3F2B21CF13D9500CBE741 /* Build configuration list for PBXProject "MenubarHide" */ = {
			isa = XCConfigurationList;
			buildConfigurations = (
				ADF3F2C21CF13D9500CBE741 /* Debug */,
				ADF3F2C31CF13D9500CBE741 /* Release */,
			);
			defaultConfigurationIsVisible = 0;
			defaultConfigurationName = Release;
		};
		ADF3F2C41CF13D9500CBE741 /* Build configuration list for PBXNativeTarget "MenubarHide" */ = {
			isa = XCConfigurationList;
			buildConfigurations = (
				ADF3F2C51CF13D9500CBE741 /* Debug */,
				ADF3F2C61CF13D9500CBE741 /* Release */,
			);
			defaultConfigurationIsVisible = 0;
			defaultConfigurationName = Release;
		};
/* End XCConfigurationList section */
	};
	rootObject = ADF3F2AF1CF13D9500CBE741 /* Project object */;
}
